
Microsoft Visual Studio Solution File, Format Version 12.00
# Visual Studio 15
VisualStudioVersion = 15.0.28307.271
MinimumVisualStudioVersion = 10.0.40219.1
Project("{9A19103F-16F7-4668-BE54-9A1E7A4F7556}") = "partyInvites_Asst3_slohja", "partyInvites_Asst3_slohja\partyInvites_Asst3_slohja.csproj", "{CA64554F-5599-45A8-88B6-D0345DB6673F}"
EndProject
Global
	GlobalSection(SolutionConfigurationPlatforms) = preSolution
		Debug|Any CPU = Debug|Any CPU
		Release|Any CPU = Release|Any CPU
	EndGlobalSection
	GlobalSection(ProjectConfigurationPlatforms) = postSolution
		{CA64554F-5599-45A8-88B6-D0345DB6673F}.Debug|Any CPU.ActiveCfg = Debug|Any CPU
		{CA64554F-5599-45A8-88B6-D0345DB6673F}.Debug|Any CPU.Build.0 = Debug|Any CPU
		{CA64554F-5599-45A8-88B6-D0345DB6673F}.Release|Any CPU.ActiveCfg = Release|Any CPU
		{CA64554F-5599-45A8-88B6-D0345DB6673F}.Release|Any CPU.Build.0 = Release|Any CPU
	EndGlobalSection
	GlobalSection(SolutionProperties) = preSolution
		HideSolutionNode = FALSE
	EndGlobalSection
	GlobalSection(ExtensibilityGlobals) = postSolution
		SolutionGuid = {A0C679E3-3754-4C6C-8968-05BA33F66C61}
	EndGlobalSection
EndGlobal
